
Microsoft Visual Studio Solution File, Format Version 12.00
# Visual Studio Version 17
VisualStudioVersion = 17.0.31903.59
MinimumVisualStudioVersion = 10.0.40219.1
Project("{2150E333-8FDC-42A3-9474-1A3956D46DE8}") = "backend", "backend", "{1AE8ACA6-933B-BF2A-3671-3E2EAC007D16}"
EndProject
Project("{2150E333-8FDC-42A3-9474-1A3956D46DE8}") = "src", "src", "{0F9113EE-888A-26D2-68B0-4A7D0A2A8745}"
EndProject
Project("{FAE04EC0-301F-11D3-BF4B-00C04F79EFBC}") = "IDS.Domain", "backend\src\IDS.Domain\IDS.Domain.csproj", "{21E64032-374C-42C2-AF63-34F570E3F458}"
EndProject
Project("{FAE04EC0-301F-11D3-BF4B-00C04F79EFBC}") = "IDS.Application", "backend\src\IDS.Application\IDS.Application.csproj", "{CD892CD5-3CFA-44B5-9B60-054A77839709}"
EndProject
Project("{FAE04EC0-301F-11D3-BF4B-00C04F79EFBC}") = "IDS.Infrastructure", "backend\src\IDS.Infrastructure\IDS.Infrastructure.csproj", "{E7696EA8-136E-4B7E-92A6-87A94FD813C3}"
EndProject
Project("{FAE04EC0-301F-11D3-BF4B-00C04F79EFBC}") = "IDS.Api", "backend\src\IDS.Api\IDS.Api.csproj", "{98018F1B-14EA-49C9-98E5-9B83B0548193}"
EndProject
Project("{FAE04EC0-301F-11D3-BF4B-00C04F79EFBC}") = "IDS.Domain.Tests", "backend\tests\IDS.Domain.Tests\IDS.Domain.Tests.csproj", "{3C47C63C-0733-4239-AD2E-84C2DF43F93D}"
EndProject
Project("{2150E333-8FDC-42A3-9474-1A3956D46DE8}") = "tests", "tests", "{F57642F3-C37C-D174-720E-6A6AAD5BEE22}"
EndProject
Project("{FAE04EC0-301F-11D3-BF4B-00C04F79EFBC}") = "IDS.Application.Tests", "backend\tests\IDS.Application.Tests\IDS.Application.Tests.csproj", "{D700DD61-03D9-4826-9116-57DA63DC5A7D}"
EndProject
Project("{FAE04EC0-301F-11D3-BF4B-00C04F79EFBC}") = "IDS.Api.Tests", "backend\tests\IDS.Api.Tests\IDS.Api.Tests.csproj", "{341B8446-61C5-487C-882C-C30167FF388E}"
EndProject
Global
	GlobalSection(SolutionConfigurationPlatforms) = preSolution
		Debug|Any CPU = Debug|Any CPU
		Debug|x64 = Debug|x64
		Debug|x86 = Debug|x86
		Release|Any CPU = Release|Any CPU
		Release|x64 = Release|x64
		Release|x86 = Release|x86
	EndGlobalSection
	GlobalSection(ProjectConfigurationPlatforms) = postSolution
		{21E64032-374C-42C2-AF63-34F570E3F458}.Debug|Any CPU.ActiveCfg = Debug|Any CPU
		{21E64032-374C-42C2-AF63-34F570E3F458}.Debug|Any CPU.Build.0 = Debug|Any CPU
		{21E64032-374C-42C2-AF63-34F570E3F458}.Debug|x64.ActiveCfg = Debug|Any CPU
		{21E64032-374C-42C2-AF63-34F570E3F458}.Debug|x64.Build.0 = Debug|Any CPU
		{21E64032-374C-42C2-AF63-34F570E3F458}.Debug|x86.ActiveCfg = Debug|Any CPU
		{21E64032-374C-42C2-AF63-34F570E3F458}.Debug|x86.Build.0 = Debug|Any CPU
		{21E64032-374C-42C2-AF63-34F570E3F458}.Release|Any CPU.ActiveCfg = Release|Any CPU
		{21E64032-374C-42C2-AF63-34F570E3F458}.Release|Any CPU.Build.0 = Release|Any CPU
		{21E64032-374C-42C2-AF63-34F570E3F458}.Release|x64.ActiveCfg = Release|Any CPU
		{21E64032-374C-42C2-AF63-34F570E3F458}.Release|x64.Build.0 = Release|Any CPU
		{21E64032-374C-42C2-AF63-34F570E3F458}.Release|x86.ActiveCfg = Release|Any CPU
		{21E64032-374C-42C2-AF63-34F570E3F458}.Release|x86.Build.0 = Release|Any CPU
		{CD892CD5-3CFA-44B5-9B60-054A77839709}.Debug|Any CPU.ActiveCfg = Debug|Any CPU
		{CD892CD5-3CFA-44B5-9B60-054A77839709}.Debug|Any CPU.Build.0 = Debug|Any CPU
		{CD892CD5-3CFA-44B5-9B60-054A77839709}.Debug|x64.ActiveCfg = Debug|Any CPU
		{CD892CD5-3CFA-44B5-9B60-054A77839709}.Debug|x64.Build.0 = Debug|Any CPU
		{CD892CD5-3CFA-44B5-9B60-054A77839709}.Debug|x86.ActiveCfg = Debug|Any CPU
		{CD892CD5-3CFA-44B5-9B60-054A77839709}.Debug|x86.Build.0 = Debug|Any CPU
		{CD892CD5-3CFA-44B5-9B60-054A77839709}.Release|Any CPU.ActiveCfg = Release|Any CPU
		{CD892CD5-3CFA-44B5-9B60-054A77839709}.Release|Any CPU.Build.0 = Release|Any CPU
		{CD892CD5-3CFA-44B5-9B60-054A77839709}.Release|x64.ActiveCfg = Release|Any CPU
		{CD892CD5-3CFA-44B5-9B60-054A77839709}.Release|x64.Build.0 = Release|Any CPU
		{CD892CD5-3CFA-44B5-9B60-054A77839709}.Release|x86.ActiveCfg = Release|Any CPU
		{CD892CD5-3CFA-44B5-9B60-054A77839709}.Release|x86.Build.0 = Release|Any CPU
		{E7696EA8-136E-4B7E-92A6-87A94FD813C3}.Debug|Any CPU.ActiveCfg = Debug|Any CPU
		{E7696EA8-136E-4B7E-92A6-87A94FD813C3}.Debug|Any CPU.Build.0 = Debug|Any CPU
		{E7696EA8-136E-4B7E-92A6-87A94FD813C3}.Debug|x64.ActiveCfg = Debug|Any CPU
		{E7696EA8-136E-4B7E-92A6-87A94FD813C3}.Debug|x64.Build.0 = Debug|Any CPU
		{E7696EA8-136E-4B7E-92A6-87A94FD813C3}.Debug|x86.ActiveCfg = Debug|Any CPU
		{E7696EA8-136E-4B7E-92A6-87A94FD813C3}.Debug|x86.Build.0 = Debug|Any CPU
		{E7696EA8-136E-4B7E-92A6-87A94FD813C3}.Release|Any CPU.ActiveCfg = Release|Any CPU
		{E7696EA8-136E-4B7E-92A6-87A94FD813C3}.Release|Any CPU.Build.0 = Release|Any CPU
		{E7696EA8-136E-4B7E-92A6-87A94FD813C3}.Release|x64.ActiveCfg = Release|Any CPU
		{E7696EA8-136E-4B7E-92A6-87A94FD813C3}.Release|x64.Build.0 = Release|Any CPU
		{E7696EA8-136E-4B7E-92A6-87A94FD813C3}.Release|x86.ActiveCfg = Release|Any CPU
		{E7696EA8-136E-4B7E-92A6-87A94FD813C3}.Release|x86.Build.0 = Release|Any CPU
		{98018F1B-14EA-49C9-98E5-9B83B0548193}.Debug|Any CPU.ActiveCfg = Debug|Any CPU
		{98018F1B-14EA-49C9-98E5-9B83B0548193}.Debug|Any CPU.Build.0 = Debug|Any CPU
		{98018F1B-14EA-49C9-98E5-9B83B0548193}.Debug|x64.ActiveCfg = Debug|Any CPU
		{98018F1B-14EA-49C9-98E5-9B83B0548193}.Debug|x64.Build.0 = Debug|Any CPU
		{98018F1B-14EA-49C9-98E5-9B83B0548193}.Debug|x86.ActiveCfg = Debug|Any CPU
		{98018F1B-14EA-49C9-98E5-9B83B0548193}.Debug|x86.Build.0 = Debug|Any CPU
		{98018F1B-14EA-49C9-98E5-9B83B0548193}.Release|Any CPU.ActiveCfg = Release|Any CPU
		{98018F1B-14EA-49C9-98E5-9B83B0548193}.Release|Any CPU.Build.0 = Release|Any CPU
		{98018F1B-14EA-49C9-98E5-9B83B0548193}.Release|x64.ActiveCfg = Release|Any CPU
		{98018F1B-14EA-49C9-98E5-9B83B0548193}.Release|x64.Build.0 = Release|Any CPU
		{98018F1B-14EA-49C9-98E5-9B83B0548193}.Release|x86.ActiveCfg = Release|Any CPU
		{98018F1B-14EA-49C9-98E5-9B83B0548193}.Release|x86.Build.0 = Release|Any CPU
		{3C47C63C-0733-4239-AD2E-84C2DF43F93D}.Debug|Any CPU.ActiveCfg = Debug|Any CPU
		{3C47C63C-0733-4239-AD2E-84C2DF43F93D}.Debug|Any CPU.Build.0 = Debug|Any CPU
		{3C47C63C-0733-4239-AD2E-84C2DF43F93D}.Debug|x64.ActiveCfg = Debug|Any CPU
		{3C47C63C-0733-4239-AD2E-84C2DF43F93D}.Debug|x64.Build.0 = Debug|Any CPU
		{3C47C63C-0733-4239-AD2E-84C2DF43F93D}.Debug|x86.ActiveCfg = Debug|Any CPU
		{3C47C63C-0733-4239-AD2E-84C2DF43F93D}.Debug|x86.Build.0 = Debug|Any CPU
		{3C47C63C-0733-4239-AD2E-84C2DF43F93D}.Release|Any CPU.ActiveCfg = Release|Any CPU
		{3C47C63C-0733-4239-AD2E-84C2DF43F93D}.Release|Any CPU.Build.0 = Release|Any CPU
		{3C47C63C-0733-4239-AD2E-84C2DF43F93D}.Release|x64.ActiveCfg = Release|Any CPU
		{3C47C63C-0733-4239-AD2E-84C2DF43F93D}.Release|x64.Build.0 = Release|Any CPU
		{3C47C63C-0733-4239-AD2E-84C2DF43F93D}.Release|x86.ActiveCfg = Release|Any CPU
		{3C47C63C-0733-4239-AD2E-84C2DF43F93D}.Release|x86.Build.0 = Release|Any CPU
		{D700DD61-03D9-4826-9116-57DA63DC5A7D}.Debug|Any CPU.ActiveCfg = Debug|Any CPU
		{D700DD61-03D9-4826-9116-57DA63DC5A7D}.Debug|Any CPU.Build.0 = Debug|Any CPU
		{D700DD61-03D9-4826-9116-57DA63DC5A7D}.Debug|x64.ActiveCfg = Debug|Any CPU
		{D700DD61-03D9-4826-9116-57DA63DC5A7D}.Debug|x64.Build.0 = Debug|Any CPU
		{D700DD61-03D9-4826-9116-57DA63DC5A7D}.Debug|x86.ActiveCfg = Debug|Any CPU
		{D700DD61-03D9-4826-9116-57DA63DC5A7D}.Debug|x86.Build.0 = Debug|Any CPU
		{D700DD61-03D9-4826-9116-57DA63DC5A7D}.Release|Any CPU.ActiveCfg = Release|Any CPU
		{D700DD61-03D9-4826-9116-57DA63DC5A7D}.Release|Any CPU.Build.0 = Release|Any CPU
		{D700DD61-03D9-4826-9116-57DA63DC5A7D}.Release|x64.ActiveCfg = Release|Any CPU
		{D700DD61-03D9-4826-9116-57DA63DC5A7D}.Release|x64.Build.0 = Release|Any CPU
		{D700DD61-03D9-4826-9116-57DA63DC5A7D}.Release|x86.ActiveCfg = Release|Any CPU
		{D700DD61-03D9-4826-9116-57DA63DC5A7D}.Release|x86.Build.0 = Release|Any CPU
		{341B8446-61C5-487C-882C-C30167FF388E}.Debug|Any CPU.ActiveCfg = Debug|Any CPU
		{341B8446-61C5-487C-882C-C30167FF388E}.Debug|Any CPU.Build.0 = Debug|Any CPU
		{341B8446-61C5-487C-882C-C30167FF388E}.Debug|x64.ActiveCfg = Debug|Any CPU
		{341B8446-61C5-487C-882C-C30167FF388E}.Debug|x64.Build.0 = Debug|Any CPU
		{341B8446-61C5-487C-882C-C30167FF388E}.Debug|x86.ActiveCfg = Debug|Any CPU
		{341B8446-61C5-487C-882C-C30167FF388E}.Debug|x86.Build.0 = Debug|Any CPU
		{341B8446-61C5-487C-882C-C30167FF388E}.Release|Any CPU.ActiveCfg = Release|Any CPU
		{341B8446-61C5-487C-882C-C30167FF388E}.Release|Any CPU.Build.0 = Release|Any CPU
		{341B8446-61C5-487C-882C-C30167FF388E}.Release|x64.ActiveCfg = Release|Any CPU
		{341B8446-61C5-487C-882C-C30167FF388E}.Release|x64.Build.0 = Release|Any CPU
		{341B8446-61C5-487C-882C-C30167FF388E}.Release|x86.ActiveCfg = Release|Any CPU
		{341B8446-61C5-487C-882C-C30167FF388E}.Release|x86.Build.0 = Release|Any CPU
	EndGlobalSection
	GlobalSection(SolutionProperties) = preSolution
		HideSolutionNode = FALSE
	EndGlobalSection
	GlobalSection(NestedProjects) = preSolution
		{0F9113EE-888A-26D2-68B0-4A7D0A2A8745} = {1AE8ACA6-933B-BF2A-3671-3E2EAC007D16}
		{21E64032-374C-42C2-AF63-34F570E3F458} = {0F9113EE-888A-26D2-68B0-4A7D0A2A8745}
		{CD892CD5-3CFA-44B5-9B60-054A77839709} = {0F9113EE-888A-26D2-68B0-4A7D0A2A8745}
		{E7696EA8-136E-4B7E-92A6-87A94FD813C3} = {0F9113EE-888A-26D2-68B0-4A7D0A2A8745}
		{98018F1B-14EA-49C9-98E5-9B83B0548193} = {0F9113EE-888A-26D2-68B0-4A7D0A2A8745}
		{3C47C63C-0733-4239-AD2E-84C2DF43F93D} = {0F9113EE-888A-26D2-68B0-4A7D0A2A8745}
		{F57642F3-C37C-D174-720E-6A6AAD5BEE22} = {1AE8ACA6-933B-BF2A-3671-3E2EAC007D16}
		{D700DD61-03D9-4826-9116-57DA63DC5A7D} = {F57642F3-C37C-D174-720E-6A6AAD5BEE22}
		{341B8446-61C5-487C-882C-C30167FF388E} = {F57642F3-C37C-D174-720E-6A6AAD5BEE22}
	EndGlobalSection
EndGlobal
